
Microsoft Visual Studio Solution File, Format Version 12.00
# Visual Studio Version 16
VisualStudioVersion = 16.0.32428.217
MinimumVisualStudioVersion = 10.0.40219.1
Project("{FAE04EC0-301F-11D3-BF4B-00C04F79EFBC}") = "Trendyol", "Trendyol\Trendyol.csproj", "{EC9A9811-21C0-4A59-8011-CEF455BC0089}"
EndProject
Global
	GlobalSection(SolutionConfigurationPlatforms) = preSolution
		Debug|Any CPU = Debug|Any CPU
		Release|Any CPU = Release|Any CPU
	EndGlobalSection
	GlobalSection(ProjectConfigurationPlatforms) = postSolution
		{EC9A9811-21C0-4A59-8011-CEF455BC0089}.Debug|Any CPU.ActiveCfg = Debug|Any CPU
		{EC9A9811-21C0-4A59-8011-CEF455BC0089}.Debug|Any CPU.Build.0 = Debug|Any CPU
		{EC9A9811-21C0-4A59-8011-CEF455BC0089}.Release|Any CPU.ActiveCfg = Release|Any CPU
		{EC9A9811-21C0-4A59-8011-CEF455BC0089}.Release|Any CPU.Build.0 = Release|Any CPU
	EndGlobalSection
	GlobalSection(SolutionProperties) = preSolution
		HideSolutionNode = FALSE
	EndGlobalSection
	GlobalSection(ExtensibilityGlobals) = postSolution
		SolutionGuid = {DFE61410-35CB-429A-830A-A563C3B96C58}
	EndGlobalSection
EndGlobal
